
Microsoft Visual Studio Solution File, Format Version 12.00
Project("{2150E333-8FDC-42A3-9474-1A3956D46DE8}") = "src", "src", "{C9CDAC03-EC92-4ADE-974C-D1C757A490CE}"
EndProject
Project("{FAE04EC0-301F-11D3-BF4B-00C04F79EFBC}") = "tye-vnext.cli", "src\tye-vnext.cli\tye-vnext.cli.csproj", "{86ABB8EF-1F75-481C-9CB1-F4EF86DE5006}"
EndProject
Global
	GlobalSection(SolutionConfigurationPlatforms) = preSolution
		Debug|Any CPU = Debug|Any CPU
		Release|Any CPU = Release|Any CPU
	EndGlobalSection
	GlobalSection(ProjectConfigurationPlatforms) = postSolution
		{86ABB8EF-1F75-481C-9CB1-F4EF86DE5006}.Debug|Any CPU.ActiveCfg = Debug|Any CPU
		{86ABB8EF-1F75-481C-9CB1-F4EF86DE5006}.Debug|Any CPU.Build.0 = Debug|Any CPU
		{86ABB8EF-1F75-481C-9CB1-F4EF86DE5006}.Release|Any CPU.ActiveCfg = Release|Any CPU
		{86ABB8EF-1F75-481C-9CB1-F4EF86DE5006}.Release|Any CPU.Build.0 = Release|Any CPU
	EndGlobalSection
	GlobalSection(NestedProjects) = preSolution
		{86ABB8EF-1F75-481C-9CB1-F4EF86DE5006} = {C9CDAC03-EC92-4ADE-974C-D1C757A490CE}
	EndGlobalSection
EndGlobal
